
Microsoft Visual Studio Solution File, Format Version 12.00
# Visual Studio Version 16
VisualStudioVersion = 16.0.30907.101
MinimumVisualStudioVersion = 10.0.40219.1
Project("{8BC9CEB8-8B4A-11D0-8D11-00A0C91BC942}") = "QtQuickType", "src\QtQuickType.vcxproj", "{B3DFB4B9-2130-41B6-89DA-E998E9742FEF}"
EndProject
Global
	GlobalSection(SolutionConfigurationPlatforms) = preSolution
		Debug|x64 = Debug|x64
		Release|x64 = Release|x64
	EndGlobalSection
	GlobalSection(ProjectConfigurationPlatforms) = postSolution
		{B3DFB4B9-2130-41B6-89DA-E998E9742FEF}.Debug|x64.ActiveCfg = Debug|x64
		{B3DFB4B9-2130-41B6-89DA-E998E9742FEF}.Debug|x64.Build.0 = Debug|x64
		{B3DFB4B9-2130-41B6-89DA-E998E9742FEF}.Release|x64.ActiveCfg = Release|x64
		{B3DFB4B9-2130-41B6-89DA-E998E9742FEF}.Release|x64.Build.0 = Release|x64
	EndGlobalSection
	GlobalSection(SolutionProperties) = preSolution
		HideSolutionNode = FALSE
	EndGlobalSection
	GlobalSection(ExtensibilityGlobals) = postSolution
		SolutionGuid = {F597BBF3-DAB0-4793-BC73-9E2308C5821D}
	EndGlobalSection
EndGlobal
